dependencies:
- name: postgresql
  repository: https://kubernetes-charts.storage.googleapis.com
  version: 7.7.2
- name: postgresql
  repository: https://kubernetes-charts.storage.googleapis.com
  version: 7.7.2
- name: postgresql
  repository: https://kubernetes-charts.storage.googleapis.com
  version: 7.7.2
- name: postgresql
  repository: https://kubernetes-charts.storage.googleapis.com
  version: 7.7.2
- name: nginx-ingress
  repository: https://kubernetes-charts.storage.googleapis.com
  version: 1.27.0
- name: keycloak
  repository: https://codecentric.github.io/helm-charts
  version: 7.4.0
- name: kafka
  repository: https://charts.bitnami.com/bitnami
  version: 7.2.9
digest: sha256:77b0d19a8c41f4b3970f2ec72b8e61b95899a6b3e3bd4600ffc5b0afe7d35454
generated: "2020-04-19T17:09:37.308440645+02:00"
